
Microsoft Visual Studio Solution File, Format Version 12.00
# Visual Studio Version 17
VisualStudioVersion = 17.5.002.0
MinimumVisualStudioVersion = 10.0.40219.1
Project("{9A19103F-16F7-4668-BE54-9A1E7A4F7556}") = "BasicGUI", "BasicGUI.csproj", "{01C4E423-11CA-4288-810E-88E4992AC104}"
EndProject
Global
	GlobalSection(SolutionConfigurationPlatforms) = preSolution
		Debug|Any CPU = Debug|Any CPU
		Release|Any CPU = Release|Any CPU
	EndGlobalSection
	GlobalSection(ProjectConfigurationPlatforms) = postSolution
		{01C4E423-11CA-4288-810E-88E4992AC104}.Debug|Any CPU.ActiveCfg = Debug|Any CPU
		{01C4E423-11CA-4288-810E-88E4992AC104}.Debug|Any CPU.Build.0 = Debug|Any CPU
		{01C4E423-11CA-4288-810E-88E4992AC104}.Release|Any CPU.ActiveCfg = Release|Any CPU
		{01C4E423-11CA-4288-810E-88E4992AC104}.Release|Any CPU.Build.0 = Release|Any CPU
	EndGlobalSection
	GlobalSection(SolutionProperties) = preSolution
		HideSolutionNode = FALSE
	EndGlobalSection
	GlobalSection(ExtensibilityGlobals) = postSolution
		SolutionGuid = {676822E6-565E-4D42-BEBB-9416D9147774}
	EndGlobalSection
EndGlobal
